{
  "name": "pageclone",
  "version": "1.0.0",
  "lockfileVersion": 2,
  "requires": true,
  "packages": {
    "": {
      "name": "pageclone",
      "version": "1.0.0",
      "license": "ISC",
      "dependencies": {
        "express": "^4.17.1",
        "puppeteer-core": "^22.0.0",
        "juice": "^8.0.0",
        "cheerio": "^1.0.0-rc.10",
        "node-fetch": "^2.6.1"
      }
    },
    "node_modules/express": {
      "version": "4.17.1",
      "resolved": "https://registry.npmjs.org/express/-/express-4.17.1.tgz",
      "integrity": "sha512-mHJ9O79RqluphRrcw2X/GTh3k9tVv8YcoyY4Kkh4WDMUYKRZUq0h1o0w2rrrxBqM7VoeUVqgb27xlEMXTnYt4=",
      "dependencies": {
        "accepts": "~1.3.7",
        "array-flatten": "1.1.1",
        "body-parser": "1.19.0",
        "content-disposition": "0.5.3",
        "content-type": "~1.0.4",
        "cookie": "0.4.0",
        "cookie-signature": "1.0.6",
        "debug": "2.6.9",
        "depd": "~1.1.2",
        "encodeurl": "~1.0.2",
        "escape-html": "~1.0.3",
        "etag": "~1.8.1",
        "finalhandler": "~1.1.2",
        "fresh": "0.5.2",
        "merge-descriptors": "1.0.1",
        "methods": "~1.1.2",
        "on-finished": "~2.3.0",
        "parseurl": "~1.3.3",
        "path-to-regexp": "0.1.7",
        "proxy-addr": "~2.0.5",
        "qs": "6.7.0",
        "range-parser": "~1.2.1",
        "safe-buffer": "5.1.2",
        "send": "0.17.1",
        "serve-static": "1.14.1",
        "setprototypeof": "1.1.1",
        "statuses": "~1.5.0",
        "type-is": "~1.6.18",
        "utils-merge": "1.0.1",
        "vary": "~1.1.2"
      }
    },
    "node_modules/puppeteer-core": {
      "version": "22.0.0",
      "resolved": "https://registry.npmjs.org/puppeteer-core/-/puppeteer-core-22.0.0.tgz",
      "integrity": "sha512-hL8uP1vW0U2G1oS0w695gOvU0P5lV3W2a9Y59M2uN8P1F0qO2xtcZJ6zMApaiJ+4LH4QbIswv2gK8Po0sWsw==",
      "dependencies": {
        "@puppeteer/browsers": "2.0.0",
        "cross-fetch": "4.0.0",
        "debug": "4.3.4",
        "devtools-protocol": "0.0.1232444",
        "ws": "8.16.0"
      }
    },
    "node_modules/juice": {
      "version": "8.0.0",
      "resolved": "https://registry.npmjs.org/juice/-/juice-8.0.0.tgz",
      "integrity": "sha512-LRCiR4gN4T3V0n4L8K2M4i4W0MByh2H0TkuA5Tsel2gLMW2lL41vQ0h6++4gcOV8YTBxG9v+Ouq0QgnA0gdg==",
      "dependencies": {
        "commander": "^6.1.0",
        "web-resource-inliner": "^5.0.0"
      }
    },
    "node_modules/cheerio": {
      "version": "1.0.0-rc.10",
      "resolved": "https://registry.npmjs.org/cheerio/-/cheerio-1.0.0-rc.10.tgz",
      "integrity": "sha512-g0J0qO6m44B7DMGtrNDGr/1O3kQ2tFve+HM0oh5eJ4j+HPQ0p5O9I4sSFOMw2Z6G0g6+9f4Y+2H5F9NhcGFA==",
      "dependencies": {
        "cheerio-select": "^1.5.0",
        "dom-serializer": "^1.3.2",
        "domhandler": "^4.2.0",
        "htmlparser2": "^6.1.0",
        "parse5": "^6.0.1",
        "parse5-htmlparser2-tree-adapter": "^6.0.1"
      }
    },
    "node_modules/node-fetch": {
      "version": "2.6.1",
      "resolved": "https://registry.npmjs.org/node-fetch/-/node-fetch-2.6.1.tgz",
      "integrity": "sha512-V4aYg89jEoVRxRb2fJdAg8FHvI7cEyYdVAh94HH0UIK8oJxUfkjlDQN9RbMx+bEjP7+ggMiFRprSti032Oipw=="
    }
  }
}
